// !$*UTF8*$!
{
	archiveVersion = 1;
	classes = {
	};
	objectVersion = 56;
	objects = {

/* Begin PBXBuildFile section */
		986E1AAB29BF82CC00FAFE7A /* ObservableObjectView.swift in Sources */ = {isa = PBXBuildFile; fileRef = 986E1AAA29BF82CC00FAFE7A /* ObservableObjectView.swift */; };
		9874316C29BF8A0D005FACBF /* ExamplesView.swift in Sources */ = {isa = PBXBuildFile; fileRef = 9874316B29BF8A0D005FACBF /* ExamplesView.swift */; };
		9874317129BFACDE005FACBF /* AppsView.swift in Sources */ = {isa = PBXBuildFile; fileRef = 9874317029BFACDE005FACBF /* AppsView.swift */; };
		9874317529C0E41E005FACBF /* NavigationLinksView.swift in Sources */ = {isa = PBXBuildFile; fileRef = 9874317429C0E41E005FACBF /* NavigationLinksView.swift */; };
		9874317729C0E4EE005FACBF /* TabsView.swift in Sources */ = {isa = PBXBuildFile; fileRef = 9874317629C0E4EE005FACBF /* TabsView.swift */; };
		9874317A29C0E91F005FACBF /* DetailView.swift in Sources */ = {isa = PBXBuildFile; fileRef = 9874317929C0E91F005FACBF /* DetailView.swift */; };
		9874317C29C0EA0C005FACBF /* SheetsView.swift in Sources */ = {isa = PBXBuildFile; fileRef = 9874317B29C0EA0C005FACBF /* SheetsView.swift */; };
		989363E929BCF772000B3CF8 /* AlertWithActionView.swift in Sources */ = {isa = PBXBuildFile; fileRef = 989363E829BCF772000B3CF8 /* AlertWithActionView.swift */; };
		989363EB29BCFDD2000B3CF8 /* AlertsView.swift in Sources */ = {isa = PBXBuildFile; fileRef = 989363EA29BCFDD2000B3CF8 /* AlertsView.swift */; };
		989363ED29BCFE87000B3CF8 /* TipCalculatorView.swift in Sources */ = {isa = PBXBuildFile; fileRef = 989363EC29BCFE87000B3CF8 /* TipCalculatorView.swift */; };
		989363EF29BD027A000B3CF8 /* ActionSheetView.swift in Sources */ = {isa = PBXBuildFile; fileRef = 989363EE29BD027A000B3CF8 /* ActionSheetView.swift */; };
		989363F129BD09C3000B3CF8 /* CountryFlagsView.swift in Sources */ = {isa = PBXBuildFile; fileRef = 989363F029BD09C3000B3CF8 /* CountryFlagsView.swift */; };
		989363F329BE1816000B3CF8 /* CustomModifiersView.swift in Sources */ = {isa = PBXBuildFile; fileRef = 989363F229BE1816000B3CF8 /* CustomModifiersView.swift */; };
		98C9525429BA5CAD007E4063 /* SwiftUI_AppApp.swift in Sources */ = {isa = PBXBuildFile; fileRef = 98C9525329BA5CAD007E4063 /* SwiftUI_AppApp.swift */; };
		98C9525629BA5CAD007E4063 /* ContentView.swift in Sources */ = {isa = PBXBuildFile; fileRef = 98C9525529BA5CAD007E4063 /* ContentView.swift */; };
		98C9525829BA5CB0007E4063 /* Assets.xcassets in Resources */ = {isa = PBXBuildFile; fileRef = 98C9525729BA5CB0007E4063 /* Assets.xcassets */; };
		98C9525B29BA5CB0007E4063 /* Preview Assets.xcassets in Resources */ = {isa = PBXBuildFile; fileRef = 98C9525A29BA5CB0007E4063 /* Preview Assets.xcassets */; };
/* End PBXBuildFile section */

/* Begin PBXFileReference section */
		986E1AAA29BF82CC00FAFE7A /* ObservableObjectView.swift */ = {isa = PBXFileReference; lastKnownFileType = sourcecode.swift; path = ObservableObjectView.swift; sourceTree = "<group>"; };
		9874316B29BF8A0D005FACBF /* ExamplesView.swift */ = {isa = PBXFileReference; lastKnownFileType = sourcecode.swift; path = ExamplesView.swift; sourceTree = "<group>"; };
		9874317029BFACDE005FACBF /* AppsView.swift */ = {isa = PBXFileReference; lastKnownFileType = sourcecode.swift; path = AppsView.swift; sourceTree = "<group>"; };
		9874317429C0E41E005FACBF /* NavigationLinksView.swift */ = {isa = PBXFileReference; lastKnownFileType = sourcecode.swift; path = NavigationLinksView.swift; sourceTree = "<group>"; };
		9874317629C0E4EE005FACBF /* TabsView.swift */ = {isa = PBXFileReference; lastKnownFileType = sourcecode.swift; path = TabsView.swift; sourceTree = "<group>"; };
		9874317929C0E91F005FACBF /* DetailView.swift */ = {isa = PBXFileReference; lastKnownFileType = sourcecode.swift; path = DetailView.swift; sourceTree = "<group>"; };
		9874317B29C0EA0C005FACBF /* SheetsView.swift */ = {isa = PBXFileReference; lastKnownFileType = sourcecode.swift; path = SheetsView.swift; sourceTree = "<group>"; };
		989363E829BCF772000B3CF8 /* AlertWithActionView.swift */ = {isa = PBXFileReference; lastKnownFileType = sourcecode.swift; path = AlertWithActionView.swift; sourceTree = "<group>"; };
		989363EA29BCFDD2000B3CF8 /* AlertsView.swift */ = {isa = PBXFileReference; lastKnownFileType = sourcecode.swift; path = AlertsView.swift; sourceTree = "<group>"; };
		989363EC29BCFE87000B3CF8 /* TipCalculatorView.swift */ = {isa = PBXFileReference; lastKnownFileType = sourcecode.swift; path = TipCalculatorView.swift; sourceTree = "<group>"; };
		989363EE29BD027A000B3CF8 /* ActionSheetView.swift */ = {isa = PBXFileReference; lastKnownFileType = sourcecode.swift; path = ActionSheetView.swift; sourceTree = "<group>"; };
		989363F029BD09C3000B3CF8 /* CountryFlagsView.swift */ = {isa = PBXFileReference; lastKnownFileType = sourcecode.swift; path = CountryFlagsView.swift; sourceTree = "<group>"; };
		989363F229BE1816000B3CF8 /* CustomModifiersView.swift */ = {isa = PBXFileReference; lastKnownFileType = sourcecode.swift; path = CustomModifiersView.swift; sourceTree = "<group>"; };
		98C9525029BA5CAD007E4063 /* SwiftUI App.app */ = {isa = PBXFileReference; explicitFileType = wrapper.application; includeInIndex = 0; path = "SwiftUI App.app"; sourceTree = BUILT_PRODUCTS_DIR; };
		98C9525329BA5CAD007E4063 /* SwiftUI_AppApp.swift */ = {isa = PBXFileReference; lastKnownFileType = sourcecode.swift; path = SwiftUI_AppApp.swift; sourceTree = "<group>"; };
		98C9525529BA5CAD007E4063 /* ContentView.swift */ = {isa = PBXFileReference; lastKnownFileType = sourcecode.swift; path = ContentView.swift; sourceTree = "<group>"; };
		98C9525729BA5CB0007E4063 /* Assets.xcassets */ = {isa = PBXFileReference; lastKnownFileType = folder.assetcatalog; path = Assets.xcassets; sourceTree = "<group>"; };
		98C9525A29BA5CB0007E4063 /* Preview Assets.xcassets */ = {isa = PBXFileReference; lastKnownFileType = folder.assetcatalog; path = "Preview Assets.xcassets"; sourceTree = "<group>"; };
/* End PBXFileReference section */

/* Begin PBXFrameworksBuildPhase section */
		98C9524D29BA5CAD007E4063 /* Frameworks */ = {
			isa = PBXFrameworksBuildPhase;
			buildActionMask = 2147483647;
			files = (
			);
			runOnlyForDeploymentPostprocessing = 0;
		};
/* End PBXFrameworksBuildPhase section */

/* Begin PBXGroup section */
		9874317229C0D8DA005FACBF /* NavigationLinks */ = {
			isa = PBXGroup;
			children = (
				989363E829BCF772000B3CF8 /* AlertWithActionView.swift */,
				989363EA29BCFDD2000B3CF8 /* AlertsView.swift */,
				989363EE29BD027A000B3CF8 /* ActionSheetView.swift */,
				989363F229BE1816000B3CF8 /* CustomModifiersView.swift */,
				986E1AAA29BF82CC00FAFE7A /* ObservableObjectView.swift */,
			);
			path = NavigationLinks;
			sourceTree = "<group>";
		};
		9874317329C0D91F005FACBF /* Apps */ = {
			isa = PBXGroup;
			children = (
				989363EC29BCFE87000B3CF8 /* TipCalculatorView.swift */,
				989363F029BD09C3000B3CF8 /* CountryFlagsView.swift */,
			);
			path = Apps;
			sourceTree = "<group>";
		};
		9874317829C0E8F8005FACBF /* Sheets */ = {
			isa = PBXGroup;
			children = (
				9874317929C0E91F005FACBF /* DetailView.swift */,
			);
			path = Sheets;
			sourceTree = "<group>";
		};
		989363E729BCF72A000B3CF8 /* Views */ = {
			isa = PBXGroup;
			children = (
				9874317829C0E8F8005FACBF /* Sheets */,
				9874317329C0D91F005FACBF /* Apps */,
				9874317229C0D8DA005FACBF /* NavigationLinks */,
				9874316B29BF8A0D005FACBF /* ExamplesView.swift */,
				9874317029BFACDE005FACBF /* AppsView.swift */,
				9874317429C0E41E005FACBF /* NavigationLinksView.swift */,
				9874317629C0E4EE005FACBF /* TabsView.swift */,
				9874317B29C0EA0C005FACBF /* SheetsView.swift */,
			);
			path = Views;
			sourceTree = "<group>";
		};
		98C9524729BA5CAD007E4063 = {
			isa = PBXGroup;
			children = (
				98C9525229BA5CAD007E4063 /* SwiftUI App */,
				98C9525129BA5CAD007E4063 /* Products */,
			);
			sourceTree = "<group>";
		};
		98C9525129BA5CAD007E4063 /* Products */ = {
			isa = PBXGroup;
			children = (
				98C9525029BA5CAD007E4063 /* SwiftUI App.app */,
			);
			name = Products;
			sourceTree = "<group>";
		};
		98C9525229BA5CAD007E4063 /* SwiftUI App */ = {
			isa = PBXGroup;
			children = (
				989363E729BCF72A000B3CF8 /* Views */,
				98C9525329BA5CAD007E4063 /* SwiftUI_AppApp.swift */,
				98C9525529BA5CAD007E4063 /* ContentView.swift */,
				98C9525729BA5CB0007E4063 /* Assets.xcassets */,
				98C9525929BA5CB0007E4063 /* Preview Content */,
			);
			path = "SwiftUI App";
			sourceTree = "<group>";
		};
		98C9525929BA5CB0007E4063 /* Preview Content */ = {
			isa = PBXGroup;
			children = (
				98C9525A29BA5CB0007E4063 /* Preview Assets.xcassets */,
			);
			path = "Preview Content";
			sourceTree = "<group>";
		};
/* End PBXGroup section */

/* Begin PBXNativeTarget section */
		98C9524F29BA5CAD007E4063 /* SwiftUI App */ = {
			isa = PBXNativeTarget;
			buildConfigurationList = 98C9525E29BA5CB0007E4063 /* Build configuration list for PBXNativeTarget "SwiftUI App" */;
			buildPhases = (
				98C9524C29BA5CAD007E4063 /* Sources */,
				98C9524D29BA5CAD007E4063 /* Frameworks */,
				98C9524E29BA5CAD007E4063 /* Resources */,
			);
			buildRules = (
			);
			dependencies = (
			);
			name = "SwiftUI App";
			productName = "SwiftUI App";
			productReference = 98C9525029BA5CAD007E4063 /* SwiftUI App.app */;
			productType = "com.apple.product-type.application";
		};
/* End PBXNativeTarget section */

/* Begin PBXProject section */
		98C9524829BA5CAD007E4063 /* Project object */ = {
			isa = PBXProject;
			attributes = {
				BuildIndependentTargetsInParallel = 1;
				LastSwiftUpdateCheck = 1420;
				LastUpgradeCheck = 1420;
				TargetAttributes = {
					98C9524F29BA5CAD007E4063 = {
						CreatedOnToolsVersion = 14.2;
					};
				};
			};
			buildConfigurationList = 98C9524B29BA5CAD007E4063 /* Build configuration list for PBXProject "SwiftUI App" */;
			compatibilityVersion = "Xcode 14.0";
			developmentRegion = en;
			hasScannedForEncodings = 0;
			knownRegions = (
				en,
				Base,
			);
			mainGroup = 98C9524729BA5CAD007E4063;
			productRefGroup = 98C9525129BA5CAD007E4063 /* Products */;
			projectDirPath = "";
			projectRoot = "";
			targets = (
				98C9524F29BA5CAD007E4063 /* SwiftUI App */,
			);
		};
/* End PBXProject section */

/* Begin PBXResourcesBuildPhase section */
		98C9524E29BA5CAD007E4063 /* Resources */ = {
			isa = PBXResourcesBuildPhase;
			buildActionMask = 2147483647;
			files = (
				98C9525B29BA5CB0007E4063 /* Preview Assets.xcassets in Resources */,
				98C9525829BA5CB0007E4063 /* Assets.xcassets in Resources */,
			);
			runOnlyForDeploymentPostprocessing = 0;
		};
/* End PBXResourcesBuildPhase section */

/* Begin PBXSourcesBuildPhase section */
		98C9524C29BA5CAD007E4063 /* Sources */ = {
			isa = PBXSourcesBuildPhase;
			buildActionMask = 2147483647;
			files = (
				98C9525629BA5CAD007E4063 /* ContentView.swift in Sources */,
				9874316C29BF8A0D005FACBF /* ExamplesView.swift in Sources */,
				989363ED29BCFE87000B3CF8 /* TipCalculatorView.swift in Sources */,
				9874317A29C0E91F005FACBF /* DetailView.swift in Sources */,
				9874317729C0E4EE005FACBF /* TabsView.swift in Sources */,
				9874317C29C0EA0C005FACBF /* SheetsView.swift in Sources */,
				989363EB29BCFDD2000B3CF8 /* AlertsView.swift in Sources */,
				9874317129BFACDE005FACBF /* AppsView.swift in Sources */,
				989363E929BCF772000B3CF8 /* AlertWithActionView.swift in Sources */,
				989363F329BE1816000B3CF8 /* CustomModifiersView.swift in Sources */,
				989363F129BD09C3000B3CF8 /* CountryFlagsView.swift in Sources */,
				9874317529C0E41E005FACBF /* NavigationLinksView.swift in Sources */,
				989363EF29BD027A000B3CF8 /* ActionSheetView.swift in Sources */,
				98C9525429BA5CAD007E4063 /* SwiftUI_AppApp.swift in Sources */,
				986E1AAB29BF82CC00FAFE7A /* ObservableObjectView.swift in Sources */,
			);
			runOnlyForDeploymentPostprocessing = 0;
		};
/* End PBXSourcesBuildPhase section */

/* Begin XCBuildConfiguration section */
		98C9525C29BA5CB0007E4063 /* Debug */ = {
			isa = XCBuildConfiguration;
			buildSettings = {
				ALWAYS_SEARCH_USER_PATHS = NO;
				CLANG_ANALYZER_NONNULL = YES;
				CLANG_ANALYZER_NUMBER_OBJECT_CONVERSION = YES_AGGRESSIVE;
				CLANG_CXX_LANGUAGE_STANDARD = "gnu++20";
				CLANG_ENABLE_MODULES = YES;
				CLANG_ENABLE_OBJC_ARC = YES;
				CLANG_ENABLE_OBJC_WEAK = YES;
				CLANG_WARN_BLOCK_CAPTURE_AUTORELEASING = YES;
				CLANG_WARN_BOOL_CONVERSION = YES;
				CLANG_WARN_COMMA = YES;
				CLANG_WARN_CONSTANT_CONVERSION = YES;
				CLANG_WARN_DEPRECATED_OBJC_IMPLEMENTATIONS = YES;
				CLANG_WARN_DIRECT_OBJC_ISA_USAGE = YES_ERROR;
				CLANG_WARN_DOCUMENTATION_COMMENTS = YES;
				CLANG_WARN_EMPTY_BODY = YES;
				CLANG_WARN_ENUM_CONVERSION = YES;
				CLANG_WARN_INFINITE_RECURSION = YES;
				CLANG_WARN_INT_CONVERSION = YES;
				CLANG_WARN_NON_LITERAL_NULL_CONVERSION = YES;
				CLANG_WARN_OBJC_IMPLICIT_RETAIN_SELF = YES;
				CLANG_WARN_OBJC_LITERAL_CONVERSION = YES;
				CLANG_WARN_OBJC_ROOT_CLASS = YES_ERROR;
				CLANG_WARN_QUOTED_INCLUDE_IN_FRAMEWORK_HEADER = YES;
				CLANG_WARN_RANGE_LOOP_ANALYSIS = YES;
				CLANG_WARN_STRICT_PROTOTYPES = YES;
				CLANG_WARN_SUSPICIOUS_MOVE = YES;
				CLANG_WARN_UNGUARDED_AVAILABILITY = YES_AGGRESSIVE;
				CLANG_WARN_UNREACHABLE_CODE = YES;
				CLANG_WARN__DUPLICATE_METHOD_MATCH = YES;
				COPY_PHASE_STRIP = NO;
				DEBUG_INFORMATION_FORMAT = dwarf;
				ENABLE_STRICT_OBJC_MSGSEND = YES;
				ENABLE_TESTABILITY = YES;
				GCC_C_LANGUAGE_STANDARD = gnu11;
				GCC_DYNAMIC_NO_PIC = NO;
				GCC_NO_COMMON_BLOCKS = YES;
				GCC_OPTIMIZATION_LEVEL = 0;
				GCC_PREPROCESSOR_DEFINITIONS = (
					"DEBUG=1",
					"$(inherited)",
				);
				GCC_WARN_64_TO_32_BIT_CONVERSION = YES;
				GCC_WARN_ABOUT_RETURN_TYPE = YES_ERROR;
				GCC_WARN_UNDECLARED_SELECTOR = YES;
				GCC_WARN_UNINITIALIZED_AUTOS = YES_AGGRESSIVE;
				GCC_WARN_UNUSED_FUNCTION = YES;
				GCC_WARN_UNUSED_VARIABLE = YES;
				IPHONEOS_DEPLOYMENT_TARGET = 16.2;
				MTL_ENABLE_DEBUG_INFO = INCLUDE_SOURCE;
				MTL_FAST_MATH = YES;
				ONLY_ACTIVE_ARCH = YES;
				SDKROOT = iphoneos;
				SWIFT_ACTIVE_COMPILATION_CONDITIONS = DEBUG;
				SWIFT_OPTIMIZATION_LEVEL = "-Onone";
			};
			name = Debug;
		};
		98C9525D29BA5CB0007E4063 /* Release */ = {
			isa = XCBuildConfiguration;
			buildSettings = {
				ALWAYS_SEARCH_USER_PATHS = NO;
				CLANG_ANALYZER_NONNULL = YES;
				CLANG_ANALYZER_NUMBER_OBJECT_CONVERSION = YES_AGGRESSIVE;
				CLANG_CXX_LANGUAGE_STANDARD = "gnu++20";
				CLANG_ENABLE_MODULES = YES;
				CLANG_ENABLE_OBJC_ARC = YES;
				CLANG_ENABLE_OBJC_WEAK = YES;
				CLANG_WARN_BLOCK_CAPTURE_AUTORELEASING = YES;
				CLANG_WARN_BOOL_CONVERSION = YES;
				CLANG_WARN_COMMA = YES;
				CLANG_WARN_CONSTANT_CONVERSION = YES;
				CLANG_WARN_DEPRECATED_OBJC_IMPLEMENTATIONS = YES;
				CLANG_WARN_DIRECT_OBJC_ISA_USAGE = YES_ERROR;
				CLANG_WARN_DOCUMENTATION_COMMENTS = YES;
				CLANG_WARN_EMPTY_BODY = YES;
				CLANG_WARN_ENUM_CONVERSION = YES;
				CLANG_WARN_INFINITE_RECURSION = YES;
				CLANG_WARN_INT_CONVERSION = YES;
				CLANG_WARN_NON_LITERAL_NULL_CONVERSION = YES;
				CLANG_WARN_OBJC_IMPLICIT_RETAIN_SELF = YES;
				CLANG_WARN_OBJC_LITERAL_CONVERSION = YES;
				CLANG_WARN_OBJC_ROOT_CLASS = YES_ERROR;
				CLANG_WARN_QUOTED_INCLUDE_IN_FRAMEWORK_HEADER = YES;
				CLANG_WARN_RANGE_LOOP_ANALYSIS = YES;
				CLANG_WARN_STRICT_PROTOTYPES = YES;
				CLANG_WARN_SUSPICIOUS_MOVE = YES;
				CLANG_WARN_UNGUARDED_AVAILABILITY = YES_AGGRESSIVE;
				CLANG_WARN_UNREACHABLE_CODE = YES;
				CLANG_WARN__DUPLICATE_METHOD_MATCH = YES;
				COPY_PHASE_STRIP = NO;
				DEBUG_INFORMATION_FORMAT = "dwarf-with-dsym";
				ENABLE_NS_ASSERTIONS = NO;
				ENABLE_STRICT_OBJC_MSGSEND = YES;
				GCC_C_LANGUAGE_STANDARD = gnu11;
				GCC_NO_COMMON_BLOCKS = YES;
				GCC_WARN_64_TO_32_BIT_CONVERSION = YES;
				GCC_WARN_ABOUT_RETURN_TYPE = YES_ERROR;
				GCC_WARN_UNDECLARED_SELECTOR = YES;
				GCC_WARN_UNINITIALIZED_AUTOS = YES_AGGRESSIVE;
				GCC_WARN_UNUSED_FUNCTION = YES;
				GCC_WARN_UNUSED_VARIABLE = YES;
				IPHONEOS_DEPLOYMENT_TARGET = 16.2;
				MTL_ENABLE_DEBUG_INFO = NO;
				MTL_FAST_MATH = YES;
				SDKROOT = iphoneos;
				SWIFT_COMPILATION_MODE = wholemodule;
				SWIFT_OPTIMIZATION_LEVEL = "-O";
				VALIDATE_PRODUCT = YES;
			};
			name = Release;
		};
		98C9525F29BA5CB0007E4063 /* Debug */ = {
			isa = XCBuildConfiguration;
			buildSettings = {
				ASSETCATALOG_COMPILER_APPICON_NAME = AppIcon;
				ASSETCATALOG_COMPILER_GLOBAL_ACCENT_COLOR_NAME = AccentColor;
				CODE_SIGN_STYLE = Automatic;
				CURRENT_PROJECT_VERSION = 1;
				DEVELOPMENT_ASSET_PATHS = "\"SwiftUI App/Preview Content\"";
				DEVELOPMENT_TEAM = 8FA6F58X42;
				ENABLE_PREVIEWS = YES;
				GENERATE_INFOPLIST_FILE = YES;
				INFOPLIST_KEY_UIApplicationSceneManifest_Generation = YES;
				INFOPLIST_KEY_UIApplicationSupportsIndirectInputEvents = YES;
				INFOPLIST_KEY_UILaunchScreen_Generation = YES;
				INFOPLIST_KEY_UISupportedInterfaceOrientations_iPad = "UIInterfaceOrientationPortrait UIInterfaceOrientationPortraitUpsideDown UIInterfaceOrientationLandscapeLeft UIInterfaceOrientationLandscapeRight";
				INFOPLIST_KEY_UISupportedInterfaceOrientations_iPhone = "UIInterfaceOrientationPortrait UIInterfaceOrientationLandscapeLeft UIInterfaceOrientationLandscapeRight";
				LD_RUNPATH_SEARCH_PATHS = (
					"$(inherited)",
					"@executable_path/Frameworks",
				);
				MARKETING_VERSION = 1.0;
				PRODUCT_BUNDLE_IDENTIFIER = "developer.SwiftUI-App";
				PRODUCT_NAME = "$(TARGET_NAME)";
				SWIFT_EMIT_LOC_STRINGS = YES;
				SWIFT_VERSION = 5.0;
				TARGETED_DEVICE_FAMILY = "1,2";
			};
			name = Debug;
		};
		98C9526029BA5CB0007E4063 /* Release */ = {
			isa = XCBuildConfiguration;
			buildSettings = {
				ASSETCATALOG_COMPILER_APPICON_NAME = AppIcon;
				ASSETCATALOG_COMPILER_GLOBAL_ACCENT_COLOR_NAME = AccentColor;
				CODE_SIGN_STYLE = Automatic;
				CURRENT_PROJECT_VERSION = 1;
				DEVELOPMENT_ASSET_PATHS = "\"SwiftUI App/Preview Content\"";
				DEVELOPMENT_TEAM = 8FA6F58X42;
				ENABLE_PREVIEWS = YES;
				GENERATE_INFOPLIST_FILE = YES;
				INFOPLIST_KEY_UIApplicationSceneManifest_Generation = YES;
				INFOPLIST_KEY_UIApplicationSupportsIndirectInputEvents = YES;
				INFOPLIST_KEY_UILaunchScreen_Generation = YES;
				INFOPLIST_KEY_UISupportedInterfaceOrientations_iPad = "UIInterfaceOrientationPortrait UIInterfaceOrientationPortraitUpsideDown UIInterfaceOrientationLandscapeLeft UIInterfaceOrientationLandscapeRight";
				INFOPLIST_KEY_UISupportedInterfaceOrientations_iPhone = "UIInterfaceOrientationPortrait UIInterfaceOrientationLandscapeLeft UIInterfaceOrientationLandscapeRight";
				LD_RUNPATH_SEARCH_PATHS = (
					"$(inherited)",
					"@executable_path/Frameworks",
				);
				MARKETING_VERSION = 1.0;
				PRODUCT_BUNDLE_IDENTIFIER = "developer.SwiftUI-App";
				PRODUCT_NAME = "$(TARGET_NAME)";
				SWIFT_EMIT_LOC_STRINGS = YES;
				SWIFT_VERSION = 5.0;
				TARGETED_DEVICE_FAMILY = "1,2";
			};
			name = Release;
		};
/* End XCBuildConfiguration section */

/* Begin XCConfigurationList section */
		98C9524B29BA5CAD007E4063 /* Build configuration list for PBXProject "SwiftUI App" */ = {
			isa = XCConfigurationList;
			buildConfigurations = (
				98C9525C29BA5CB0007E4063 /* Debug */,
				98C9525D29BA5CB0007E4063 /* Release */,
			);
			defaultConfigurationIsVisible = 0;
			defaultConfigurationName = Release;
		};
		98C9525E29BA5CB0007E4063 /* Build configuration list for PBXNativeTarget "SwiftUI App" */ = {
			isa = XCConfigurationList;
			buildConfigurations = (
				98C9525F29BA5CB0007E4063 /* Debug */,
				98C9526029BA5CB0007E4063 /* Release */,
			);
			defaultConfigurationIsVisible = 0;
			defaultConfigurationName = Release;
		};
/* End XCConfigurationList section */
	};
	rootObject = 98C9524829BA5CAD007E4063 /* Project object */;
}
